
Microsoft Visual Studio Solution File, Format Version 11.00
# Visual Studio 2010
Project("{FAE04EC0-301F-11D3-BF4B-00C04F79EFBC}") = "View", "View\View.csproj", "{3A0BE243-E7BD-4F4F-92E6-68F4F98E0172}"
EndProject
Project("{FAE04EC0-301F-11D3-BF4B-00C04F79EFBC}") = "BLL", "BLL\BLL.csproj", "{2FC90AE6-DF18-44EB-8C4D-D80F43BF4C87}"
EndProject
Project("{FAE04EC0-301F-11D3-BF4B-00C04F79EFBC}") = "Common", "Common\Common.csproj", "{1CD3A787-4763-4C1F-8F44-B42E96B507F5}"
EndProject
Project("{FAE04EC0-301F-11D3-BF4B-00C04F79EFBC}") = "DAL", "DAL\DAL.csproj", "{AE68D0BF-BD44-4E8E-AD50-84780615A70C}"
EndProject
Project("{FAE04EC0-301F-11D3-BF4B-00C04F79EFBC}") = "DbHelper", "DbHelper\DbHelper.csproj", "{83C12C61-48D5-467C-A3B0-C782FCBFA573}"
EndProject
Project("{FAE04EC0-301F-11D3-BF4B-00C04F79EFBC}") = "Model", "Model\Model.csproj", "{52A67ECE-AAF1-4CD9-8561-E487857511B9}"
EndProject
Global
	GlobalSection(SolutionConfigurationPlatforms) = preSolution
		Debug|Any CPU = Debug|Any CPU
		Debug|Mixed Platforms = Debug|Mixed Platforms
		Debug|x86 = Debug|x86
		Release|Any CPU = Release|Any CPU
		Release|Mixed Platforms = Release|Mixed Platforms
		Release|x86 = Release|x86
	EndGlobalSection
	GlobalSection(ProjectConfigurationPlatforms) = postSolution
		{3A0BE243-E7BD-4F4F-92E6-68F4F98E0172}.Debug|Any CPU.ActiveCfg = Debug|x86
		{3A0BE243-E7BD-4F4F-92E6-68F4F98E0172}.Debug|Mixed Platforms.ActiveCfg = Debug|x86
		{3A0BE243-E7BD-4F4F-92E6-68F4F98E0172}.Debug|Mixed Platforms.Build.0 = Debug|x86
		{3A0BE243-E7BD-4F4F-92E6-68F4F98E0172}.Debug|x86.ActiveCfg = Debug|x86
		{3A0BE243-E7BD-4F4F-92E6-68F4F98E0172}.Debug|x86.Build.0 = Debug|x86
		{3A0BE243-E7BD-4F4F-92E6-68F4F98E0172}.Release|Any CPU.ActiveCfg = Release|x86
		{3A0BE243-E7BD-4F4F-92E6-68F4F98E0172}.Release|Mixed Platforms.ActiveCfg = Release|x86
		{3A0BE243-E7BD-4F4F-92E6-68F4F98E0172}.Release|Mixed Platforms.Build.0 = Release|x86
		{3A0BE243-E7BD-4F4F-92E6-68F4F98E0172}.Release|x86.ActiveCfg = Release|x86
		{3A0BE243-E7BD-4F4F-92E6-68F4F98E0172}.Release|x86.Build.0 = Release|x86
		{2FC90AE6-DF18-44EB-8C4D-D80F43BF4C87}.Debug|Any CPU.ActiveCfg = Debug|Any CPU
		{2FC90AE6-DF18-44EB-8C4D-D80F43BF4C87}.Debug|Any CPU.Build.0 = Debug|Any CPU
		{2FC90AE6-DF18-44EB-8C4D-D80F43BF4C87}.Debug|Mixed Platforms.ActiveCfg = Debug|Any CPU
		{2FC90AE6-DF18-44EB-8C4D-D80F43BF4C87}.Debug|Mixed Platforms.Build.0 = Debug|Any CPU
		{2FC90AE6-DF18-44EB-8C4D-D80F43BF4C87}.Debug|x86.ActiveCfg = Debug|Any CPU
		{2FC90AE6-DF18-44EB-8C4D-D80F43BF4C87}.Release|Any CPU.ActiveCfg = Release|Any CPU
		{2FC90AE6-DF18-44EB-8C4D-D80F43BF4C87}.Release|Any CPU.Build.0 = Release|Any CPU
		{2FC90AE6-DF18-44EB-8C4D-D80F43BF4C87}.Release|Mixed Platforms.ActiveCfg = Release|Any CPU
		{2FC90AE6-DF18-44EB-8C4D-D80F43BF4C87}.Release|Mixed Platforms.Build.0 = Release|Any CPU
		{2FC90AE6-DF18-44EB-8C4D-D80F43BF4C87}.Release|x86.ActiveCfg = Release|Any CPU
		{1CD3A787-4763-4C1F-8F44-B42E96B507F5}.Debug|Any CPU.ActiveCfg = Debug|Any CPU
		{1CD3A787-4763-4C1F-8F44-B42E96B507F5}.Debug|Any CPU.Build.0 = Debug|Any CPU
		{1CD3A787-4763-4C1F-8F44-B42E96B507F5}.Debug|Mixed Platforms.ActiveCfg = Debug|Any CPU
		{1CD3A787-4763-4C1F-8F44-B42E96B507F5}.Debug|Mixed Platforms.Build.0 = Debug|Any CPU
		{1CD3A787-4763-4C1F-8F44-B42E96B507F5}.Debug|x86.ActiveCfg = Debug|Any CPU
		{1CD3A787-4763-4C1F-8F44-B42E96B507F5}.Release|Any CPU.ActiveCfg = Release|Any CPU
		{1CD3A787-4763-4C1F-8F44-B42E96B507F5}.Release|Any CPU.Build.0 = Release|Any CPU
		{1CD3A787-4763-4C1F-8F44-B42E96B507F5}.Release|Mixed Platforms.ActiveCfg = Release|Any CPU
		{1CD3A787-4763-4C1F-8F44-B42E96B507F5}.Release|Mixed Platforms.Build.0 = Release|Any CPU
		{1CD3A787-4763-4C1F-8F44-B42E96B507F5}.Release|x86.ActiveCfg = Release|Any CPU
		{AE68D0BF-BD44-4E8E-AD50-84780615A70C}.Debug|Any CPU.ActiveCfg = Debug|Any CPU
		{AE68D0BF-BD44-4E8E-AD50-84780615A70C}.Debug|Any CPU.Build.0 = Debug|Any CPU
		{AE68D0BF-BD44-4E8E-AD50-84780615A70C}.Debug|Mixed Platforms.ActiveCfg = Debug|Any CPU
		{AE68D0BF-BD44-4E8E-AD50-84780615A70C}.Debug|Mixed Platforms.Build.0 = Debug|Any CPU
		{AE68D0BF-BD44-4E8E-AD50-84780615A70C}.Debug|x86.ActiveCfg = Debug|Any CPU
		{AE68D0BF-BD44-4E8E-AD50-84780615A70C}.Release|Any CPU.ActiveCfg = Release|Any CPU
		{AE68D0BF-BD44-4E8E-AD50-84780615A70C}.Release|Any CPU.Build.0 = Release|Any CPU
		{AE68D0BF-BD44-4E8E-AD50-84780615A70C}.Release|Mixed Platforms.ActiveCfg = Release|Any CPU
		{AE68D0BF-BD44-4E8E-AD50-84780615A70C}.Release|Mixed Platforms.Build.0 = Release|Any CPU
		{AE68D0BF-BD44-4E8E-AD50-84780615A70C}.Release|x86.ActiveCfg = Release|Any CPU
		{83C12C61-48D5-467C-A3B0-C782FCBFA573}.Debug|Any CPU.ActiveCfg = Debug|Any CPU
		{83C12C61-48D5-467C-A3B0-C782FCBFA573}.Debug|Any CPU.Build.0 = Debug|Any CPU
		{83C12C61-48D5-467C-A3B0-C782FCBFA573}.Debug|Mixed Platforms.ActiveCfg = Debug|Any CPU
		{83C12C61-48D5-467C-A3B0-C782FCBFA573}.Debug|Mixed Platforms.Build.0 = Debug|Any CPU
		{83C12C61-48D5-467C-A3B0-C782FCBFA573}.Debug|x86.ActiveCfg = Debug|Any CPU
		{83C12C61-48D5-467C-A3B0-C782FCBFA573}.Release|Any CPU.ActiveCfg = Release|Any CPU
		{83C12C61-48D5-467C-A3B0-C782FCBFA573}.Release|Any CPU.Build.0 = Release|Any CPU
		{83C12C61-48D5-467C-A3B0-C782FCBFA573}.Release|Mixed Platforms.ActiveCfg = Release|Any CPU
		{83C12C61-48D5-467C-A3B0-C782FCBFA573}.Release|Mixed Platforms.Build.0 = Release|Any CPU
		{83C12C61-48D5-467C-A3B0-C782FCBFA573}.Release|x86.ActiveCfg = Release|Any CPU
		{52A67ECE-AAF1-4CD9-8561-E487857511B9}.Debug|Any CPU.ActiveCfg = Debug|Any CPU
		{52A67ECE-AAF1-4CD9-8561-E487857511B9}.Debug|Any CPU.Build.0 = Debug|Any CPU
		{52A67ECE-AAF1-4CD9-8561-E487857511B9}.Debug|Mixed Platforms.ActiveCfg = Debug|Any CPU
		{52A67ECE-AAF1-4CD9-8561-E487857511B9}.Debug|Mixed Platforms.Build.0 = Debug|Any CPU
		{52A67ECE-AAF1-4CD9-8561-E487857511B9}.Debug|x86.ActiveCfg = Debug|Any CPU
		{52A67ECE-AAF1-4CD9-8561-E487857511B9}.Release|Any CPU.ActiveCfg = Release|Any CPU
		{52A67ECE-AAF1-4CD9-8561-E487857511B9}.Release|Any CPU.Build.0 = Release|Any CPU
		{52A67ECE-AAF1-4CD9-8561-E487857511B9}.Release|Mixed Platforms.ActiveCfg = Release|Any CPU
		{52A67ECE-AAF1-4CD9-8561-E487857511B9}.Release|Mixed Platforms.Build.0 = Release|Any CPU
		{52A67ECE-AAF1-4CD9-8561-E487857511B9}.Release|x86.ActiveCfg = Release|Any CPU
	EndGlobalSection
	GlobalSection(SolutionProperties) = preSolution
		HideSolutionNode = FALSE
	EndGlobalSection
EndGlobal
